// !$*UTF8*$!
{
	archiveVersion = 1;
	classes = {
	};
	objectVersion = 56;
	objects = {

/* Begin PBXBuildFile section */
		B072690B2CDC835700BF6F70 /* AppDelegate.swift in Sources */ = {isa = PBXBuildFile; fileRef = B072690A2CDC835700BF6F70 /* AppDelegate.swift */; };
		B072690D2CDC835700BF6F70 /* SceneDelegate.swift in Sources */ = {isa = PBXBuildFile; fileRef = B072690C2CDC835700BF6F70 /* SceneDelegate.swift */; };
		B072690F2CDC835700BF6F70 /* ViewController.swift in Sources */ = {isa = PBXBuildFile; fileRef = B072690E2CDC835700BF6F70 /* ViewController.swift */; };
		B07269122CDC835700BF6F70 /* Base in Resources */ = {isa = PBXBuildFile; fileRef = B07269112CDC835700BF6F70 /* Base */; };
		B07269142CDC835900BF6F70 /* Assets.xcassets in Resources */ = {isa = PBXBuildFile; fileRef = B07269132CDC835900BF6F70 /* Assets.xcassets */; };
		B07269172CDC835900BF6F70 /* Base in Resources */ = {isa = PBXBuildFile; fileRef = B07269162CDC835900BF6F70 /* Base */; };
		B07269222CDC835A00BF6F70 /* Jisaker_PCSimulatorTests.swift in Sources */ = {isa = PBXBuildFile; fileRef = B07269212CDC835A00BF6F70 /* Jisaker_PCSimulatorTests.swift */; };
		B072692C2CDC835A00BF6F70 /* Jisaker_PCSimulatorUITests.swift in Sources */ = {isa = PBXBuildFile; fileRef = B072692B2CDC835A00BF6F70 /* Jisaker_PCSimulatorUITests.swift */; };
		B072692E2CDC835A00BF6F70 /* Jisaker_PCSimulatorUITestsLaunchTests.swift in Sources */ = {isa = PBXBuildFile; fileRef = B072692D2CDC835A00BF6F70 /* Jisaker_PCSimulatorUITestsLaunchTests.swift */; };
/* End PBXBuildFile section */

/* Begin PBXContainerItemProxy section */
		B072691E2CDC835A00BF6F70 /* PBXContainerItemProxy */ = {
			isa = PBXContainerItemProxy;
			containerPortal = B07268FF2CDC835700BF6F70 /* Project object */;
			proxyType = 1;
			remoteGlobalIDString = B07269062CDC835700BF6F70;
			remoteInfo = "Jisaker-PCSimulator";
		};
		B07269282CDC835A00BF6F70 /* PBXContainerItemProxy */ = {
			isa = PBXContainerItemProxy;
			containerPortal = B07268FF2CDC835700BF6F70 /* Project object */;
			proxyType = 1;
			remoteGlobalIDString = B07269062CDC835700BF6F70;
			remoteInfo = "Jisaker-PCSimulator";
		};
/* End PBXContainerItemProxy section */

/* Begin PBXFileReference section */
		B07269072CDC835700BF6F70 /* Jisaker-PCSimulator.app */ = {isa = PBXFileReference; explicitFileType = wrapper.application; includeInIndex = 0; path = "Jisaker-PCSimulator.app"; sourceTree = BUILT_PRODUCTS_DIR; };
		B072690A2CDC835700BF6F70 /* AppDelegate.swift */ = {isa = PBXFileReference; lastKnownFileType = sourcecode.swift; path = AppDelegate.swift; sourceTree = "<group>"; };
		B072690C2CDC835700BF6F70 /* SceneDelegate.swift */ = {isa = PBXFileReference; lastKnownFileType = sourcecode.swift; path = SceneDelegate.swift; sourceTree = "<group>"; };
		B072690E2CDC835700BF6F70 /* ViewController.swift */ = {isa = PBXFileReference; lastKnownFileType = sourcecode.swift; path = ViewController.swift; sourceTree = "<group>"; };
		B07269112CDC835700BF6F70 /* Base */ = {isa = PBXFileReference; lastKnownFileType = file.storyboard; name = Base; path = Base.lproj/Main.storyboard; sourceTree = "<group>"; };
		B07269132CDC835900BF6F70 /* Assets.xcassets */ = {isa = PBXFileReference; lastKnownFileType = folder.assetcatalog; path = Assets.xcassets; sourceTree = "<group>"; };
		B07269162CDC835900BF6F70 /* Base */ = {isa = PBXFileReference; lastKnownFileType = file.storyboard; name = Base; path = Base.lproj/LaunchScreen.storyboard; sourceTree = "<group>"; };
		B07269182CDC835900BF6F70 /* Info.plist */ = {isa = PBXFileReference; lastKnownFileType = text.plist.xml; path = Info.plist; sourceTree = "<group>"; };
		B072691D2CDC835A00BF6F70 /* Jisaker-PCSimulatorTests.xctest */ = {isa = PBXFileReference; explicitFileType = wrapper.cfbundle; includeInIndex = 0; path = "Jisaker-PCSimulatorTests.xctest"; sourceTree = BUILT_PRODUCTS_DIR; };
		B07269212CDC835A00BF6F70 /* Jisaker_PCSimulatorTests.swift */ = {isa = PBXFileReference; lastKnownFileType = sourcecode.swift; path = Jisaker_PCSimulatorTests.swift; sourceTree = "<group>"; };
		B07269272CDC835A00BF6F70 /* Jisaker-PCSimulatorUITests.xctest */ = {isa = PBXFileReference; explicitFileType = wrapper.cfbundle; includeInIndex = 0; path = "Jisaker-PCSimulatorUITests.xctest"; sourceTree = BUILT_PRODUCTS_DIR; };
		B072692B2CDC835A00BF6F70 /* Jisaker_PCSimulatorUITests.swift */ = {isa = PBXFileReference; lastKnownFileType = sourcecode.swift; path = Jisaker_PCSimulatorUITests.swift; sourceTree = "<group>"; };
		B072692D2CDC835A00BF6F70 /* Jisaker_PCSimulatorUITestsLaunchTests.swift */ = {isa = PBXFileReference; lastKnownFileType = sourcecode.swift; path = Jisaker_PCSimulatorUITestsLaunchTests.swift; sourceTree = "<group>"; };
/* End PBXFileReference section */

/* Begin PBXFrameworksBuildPhase section */
		B07269042CDC835700BF6F70 /* Frameworks */ = {
			isa = PBXFrameworksBuildPhase;
			buildActionMask = 2147483647;
			files = (
			);
			runOnlyForDeploymentPostprocessing = 0;
		};
		B072691A2CDC835A00BF6F70 /* Frameworks */ = {
			isa = PBXFrameworksBuildPhase;
			buildActionMask = 2147483647;
			files = (
			);
			runOnlyForDeploymentPostprocessing = 0;
		};
		B07269242CDC835A00BF6F70 /* Frameworks */ = {
			isa = PBXFrameworksBuildPhase;
			buildActionMask = 2147483647;
			files = (
			);
			runOnlyForDeploymentPostprocessing = 0;
		};
/* End PBXFrameworksBuildPhase section */

/* Begin PBXGroup section */
		B07268FE2CDC835700BF6F70 = {
			isa = PBXGroup;
			children = (
				B07269092CDC835700BF6F70 /* Jisaker-PCSimulator */,
				B07269202CDC835A00BF6F70 /* Jisaker-PCSimulatorTests */,
				B072692A2CDC835A00BF6F70 /* Jisaker-PCSimulatorUITests */,
				B07269082CDC835700BF6F70 /* Products */,
			);
			sourceTree = "<group>";
		};
		B07269082CDC835700BF6F70 /* Products */ = {
			isa = PBXGroup;
			children = (
				B07269072CDC835700BF6F70 /* Jisaker-PCSimulator.app */,
				B072691D2CDC835A00BF6F70 /* Jisaker-PCSimulatorTests.xctest */,
				B07269272CDC835A00BF6F70 /* Jisaker-PCSimulatorUITests.xctest */,
			);
			name = Products;
			sourceTree = "<group>";
		};
		B07269092CDC835700BF6F70 /* Jisaker-PCSimulator */ = {
			isa = PBXGroup;
			children = (
				B072690A2CDC835700BF6F70 /* AppDelegate.swift */,
				B072690C2CDC835700BF6F70 /* SceneDelegate.swift */,
				B072690E2CDC835700BF6F70 /* ViewController.swift */,
				B07269102CDC835700BF6F70 /* Main.storyboard */,
				B07269132CDC835900BF6F70 /* Assets.xcassets */,
				B07269152CDC835900BF6F70 /* LaunchScreen.storyboard */,
				B07269182CDC835900BF6F70 /* Info.plist */,
			);
			path = "Jisaker-PCSimulator";
			sourceTree = "<group>";
		};
		B07269202CDC835A00BF6F70 /* Jisaker-PCSimulatorTests */ = {
			isa = PBXGroup;
			children = (
				B07269212CDC835A00BF6F70 /* Jisaker_PCSimulatorTests.swift */,
			);
			path = "Jisaker-PCSimulatorTests";
			sourceTree = "<group>";
		};
		B072692A2CDC835A00BF6F70 /* Jisaker-PCSimulatorUITests */ = {
			isa = PBXGroup;
			children = (
				B072692B2CDC835A00BF6F70 /* Jisaker_PCSimulatorUITests.swift */,
				B072692D2CDC835A00BF6F70 /* Jisaker_PCSimulatorUITestsLaunchTests.swift */,
			);
			path = "Jisaker-PCSimulatorUITests";
			sourceTree = "<group>";
		};
/* End PBXGroup section */

/* Begin PBXNativeTarget section */
		B07269062CDC835700BF6F70 /* Jisaker-PCSimulator */ = {
			isa = PBXNativeTarget;
			buildConfigurationList = B07269312CDC835A00BF6F70 /* Build configuration list for PBXNativeTarget "Jisaker-PCSimulator" */;
			buildPhases = (
				B07269032CDC835700BF6F70 /* Sources */,
				B07269042CDC835700BF6F70 /* Frameworks */,
				B07269052CDC835700BF6F70 /* Resources */,
			);
			buildRules = (
			);
			dependencies = (
			);
			name = "Jisaker-PCSimulator";
			productName = "Jisaker-PCSimulator";
			productReference = B07269072CDC835700BF6F70 /* Jisaker-PCSimulator.app */;
			productType = "com.apple.product-type.application";
		};
		B072691C2CDC835A00BF6F70 /* Jisaker-PCSimulatorTests */ = {
			isa = PBXNativeTarget;
			buildConfigurationList = B07269342CDC835A00BF6F70 /* Build configuration list for PBXNativeTarget "Jisaker-PCSimulatorTests" */;
			buildPhases = (
				B07269192CDC835A00BF6F70 /* Sources */,
				B072691A2CDC835A00BF6F70 /* Frameworks */,
				B072691B2CDC835A00BF6F70 /* Resources */,
			);
			buildRules = (
			);
			dependencies = (
				B072691F2CDC835A00BF6F70 /* PBXTargetDependency */,
			);
			name = "Jisaker-PCSimulatorTests";
			productName = "Jisaker-PCSimulatorTests";
			productReference = B072691D2CDC835A00BF6F70 /* Jisaker-PCSimulatorTests.xctest */;
			productType = "com.apple.product-type.bundle.unit-test";
		};
		B07269262CDC835A00BF6F70 /* Jisaker-PCSimulatorUITests */ = {
			isa = PBXNativeTarget;
			buildConfigurationList = B07269372CDC835A00BF6F70 /* Build configuration list for PBXNativeTarget "Jisaker-PCSimulatorUITests" */;
			buildPhases = (
				B07269232CDC835A00BF6F70 /* Sources */,
				B07269242CDC835A00BF6F70 /* Frameworks */,
				B07269252CDC835A00BF6F70 /* Resources */,
			);
			buildRules = (
			);
			dependencies = (
				B07269292CDC835A00BF6F70 /* PBXTargetDependency */,
			);
			name = "Jisaker-PCSimulatorUITests";
			productName = "Jisaker-PCSimulatorUITests";
			productReference = B07269272CDC835A00BF6F70 /* Jisaker-PCSimulatorUITests.xctest */;
			productType = "com.apple.product-type.bundle.ui-testing";
		};
/* End PBXNativeTarget section */

/* Begin PBXProject section */
		B07268FF2CDC835700BF6F70 /* Project object */ = {
			isa = PBXProject;
			attributes = {
				BuildIndependentTargetsInParallel = 1;
				LastSwiftUpdateCheck = 1540;
				LastUpgradeCheck = 1540;
				TargetAttributes = {
					B07269062CDC835700BF6F70 = {
						CreatedOnToolsVersion = 15.4;
					};
					B072691C2CDC835A00BF6F70 = {
						CreatedOnToolsVersion = 15.4;
						TestTargetID = B07269062CDC835700BF6F70;
					};
					B07269262CDC835A00BF6F70 = {
						CreatedOnToolsVersion = 15.4;
						TestTargetID = B07269062CDC835700BF6F70;
					};
				};
			};
			buildConfigurationList = B07269022CDC835700BF6F70 /* Build configuration list for PBXProject "Jisaker-PCSimulator" */;
			compatibilityVersion = "Xcode 14.0";
			developmentRegion = en;
			hasScannedForEncodings = 0;
			knownRegions = (
				en,
				Base,
			);
			mainGroup = B07268FE2CDC835700BF6F70;
			productRefGroup = B07269082CDC835700BF6F70 /* Products */;
			projectDirPath = "";
			projectRoot = "";
			targets = (
				B07269062CDC835700BF6F70 /* Jisaker-PCSimulator */,
				B072691C2CDC835A00BF6F70 /* Jisaker-PCSimulatorTests */,
				B07269262CDC835A00BF6F70 /* Jisaker-PCSimulatorUITests */,
			);
		};
/* End PBXProject section */

/* Begin PBXResourcesBuildPhase section */
		B07269052CDC835700BF6F70 /* Resources */ = {
			isa = PBXResourcesBuildPhase;
			buildActionMask = 2147483647;
			files = (
				B07269142CDC835900BF6F70 /* Assets.xcassets in Resources */,
				B07269172CDC835900BF6F70 /* Base in Resources */,
				B07269122CDC835700BF6F70 /* Base in Resources */,
			);
			runOnlyForDeploymentPostprocessing = 0;
		};
		B072691B2CDC835A00BF6F70 /* Resources */ = {
			isa = PBXResourcesBuildPhase;
			buildActionMask = 2147483647;
			files = (
			);
			runOnlyForDeploymentPostprocessing = 0;
		};
		B07269252CDC835A00BF6F70 /* Resources */ = {
			isa = PBXResourcesBuildPhase;
			buildActionMask = 2147483647;
			files = (
			);
			runOnlyForDeploymentPostprocessing = 0;
		};
/* End PBXResourcesBuildPhase section */

/* Begin PBXSourcesBuildPhase section */
		B07269032CDC835700BF6F70 /* Sources */ = {
			isa = PBXSourcesBuildPhase;
			buildActionMask = 2147483647;
			files = (
				B072690F2CDC835700BF6F70 /* ViewController.swift in Sources */,
				B072690B2CDC835700BF6F70 /* AppDelegate.swift in Sources */,
				B072690D2CDC835700BF6F70 /* SceneDelegate.swift in Sources */,
			);
			runOnlyForDeploymentPostprocessing = 0;
		};
		B07269192CDC835A00BF6F70 /* Sources */ = {
			isa = PBXSourcesBuildPhase;
			buildActionMask = 2147483647;
			files = (
				B07269222CDC835A00BF6F70 /* Jisaker_PCSimulatorTests.swift in Sources */,
			);
			runOnlyForDeploymentPostprocessing = 0;
		};
		B07269232CDC835A00BF6F70 /* Sources */ = {
			isa = PBXSourcesBuildPhase;
			buildActionMask = 2147483647;
			files = (
				B072692E2CDC835A00BF6F70 /* Jisaker_PCSimulatorUITestsLaunchTests.swift in Sources */,
				B072692C2CDC835A00BF6F70 /* Jisaker_PCSimulatorUITests.swift in Sources */,
			);
			runOnlyForDeploymentPostprocessing = 0;
		};
/* End PBXSourcesBuildPhase section */

/* Begin PBXTargetDependency section */
		B072691F2CDC835A00BF6F70 /* PBXTargetDependency */ = {
			isa = PBXTargetDependency;
			target = B07269062CDC835700BF6F70 /* Jisaker-PCSimulator */;
			targetProxy = B072691E2CDC835A00BF6F70 /* PBXContainerItemProxy */;
		};
		B07269292CDC835A00BF6F70 /* PBXTargetDependency */ = {
			isa = PBXTargetDependency;
			target = B07269062CDC835700BF6F70 /* Jisaker-PCSimulator */;
			targetProxy = B07269282CDC835A00BF6F70 /* PBXContainerItemProxy */;
		};
/* End PBXTargetDependency section */

/* Begin PBXVariantGroup section */
		B07269102CDC835700BF6F70 /* Main.storyboard */ = {
			isa = PBXVariantGroup;
			children = (
				B07269112CDC835700BF6F70 /* Base */,
			);
			name = Main.storyboard;
			sourceTree = "<group>";
		};
		B07269152CDC835900BF6F70 /* LaunchScreen.storyboard */ = {
			isa = PBXVariantGroup;
			children = (
				B07269162CDC835900BF6F70 /* Base */,
			);
			name = LaunchScreen.storyboard;
			sourceTree = "<group>";
		};
/* End PBXVariantGroup section */

/* Begin XCBuildConfiguration section */
		B072692F2CDC835A00BF6F70 /* Debug */ = {
			isa = XCBuildConfiguration;
			buildSettings = {
				ALWAYS_SEARCH_USER_PATHS = NO;
				ASSETCATALOG_COMPILER_GENERATE_SWIFT_ASSET_SYMBOL_EXTENSIONS = YES;
				CLANG_ANALYZER_NONNULL = YES;
				CLANG_ANALYZER_NUMBER_OBJECT_CONVERSION = YES_AGGRESSIVE;
				CLANG_CXX_LANGUAGE_STANDARD = "gnu++20";
				CLANG_ENABLE_MODULES = YES;
				CLANG_ENABLE_OBJC_ARC = YES;
				CLANG_ENABLE_OBJC_WEAK = YES;
				CLANG_WARN_BLOCK_CAPTURE_AUTORELEASING = YES;
				CLANG_WARN_BOOL_CONVERSION = YES;
				CLANG_WARN_COMMA = YES;
				CLANG_WARN_CONSTANT_CONVERSION = YES;
				CLANG_WARN_DEPRECATED_OBJC_IMPLEMENTATIONS = YES;
				CLANG_WARN_DIRECT_OBJC_ISA_USAGE = YES_ERROR;
				CLANG_WARN_DOCUMENTATION_COMMENTS = YES;
				CLANG_WARN_EMPTY_BODY = YES;
				CLANG_WARN_ENUM_CONVERSION = YES;
				CLANG_WARN_INFINITE_RECURSION = YES;
				CLANG_WARN_INT_CONVERSION = YES;
				CLANG_WARN_NON_LITERAL_NULL_CONVERSION = YES;
				CLANG_WARN_OBJC_IMPLICIT_RETAIN_SELF = YES;
				CLANG_WARN_OBJC_LITERAL_CONVERSION = YES;
				CLANG_WARN_OBJC_ROOT_CLASS = YES_ERROR;
				CLANG_WARN_QUOTED_INCLUDE_IN_FRAMEWORK_HEADER = YES;
				CLANG_WARN_RANGE_LOOP_ANALYSIS = YES;
				CLANG_WARN_STRICT_PROTOTYPES = YES;
				CLANG_WARN_SUSPICIOUS_MOVE = YES;
				CLANG_WARN_UNGUARDED_AVAILABILITY = YES_AGGRESSIVE;
				CLANG_WARN_UNREACHABLE_CODE = YES;
				CLANG_WARN__DUPLICATE_METHOD_MATCH = YES;
				COPY_PHASE_STRIP = NO;
				DEBUG_INFORMATION_FORMAT = dwarf;
				ENABLE_STRICT_OBJC_MSGSEND = YES;
				ENABLE_TESTABILITY = YES;
				ENABLE_USER_SCRIPT_SANDBOXING = YES;
				GCC_C_LANGUAGE_STANDARD = gnu17;
				GCC_DYNAMIC_NO_PIC = NO;
				GCC_NO_COMMON_BLOCKS = YES;
				GCC_OPTIMIZATION_LEVEL = 0;
				GCC_PREPROCESSOR_DEFINITIONS = (
					"DEBUG=1",
					"$(inherited)",
				);
				GCC_WARN_64_TO_32_BIT_CONVERSION = YES;
				GCC_WARN_ABOUT_RETURN_TYPE = YES_ERROR;
				GCC_WARN_UNDECLARED_SELECTOR = YES;
				GCC_WARN_UNINITIALIZED_AUTOS = YES_AGGRESSIVE;
				GCC_WARN_UNUSED_FUNCTION = YES;
				GCC_WARN_UNUSED_VARIABLE = YES;
				IPHONEOS_DEPLOYMENT_TARGET = 17.5;
				LOCALIZATION_PREFERS_STRING_CATALOGS = YES;
				MTL_ENABLE_DEBUG_INFO = INCLUDE_SOURCE;
				MTL_FAST_MATH = YES;
				ONLY_ACTIVE_ARCH = YES;
				SDKROOT = iphoneos;
				SWIFT_ACTIVE_COMPILATION_CONDITIONS = "DEBUG $(inherited)";
				SWIFT_OPTIMIZATION_LEVEL = "-Onone";
			};
			name = Debug;
		};
		B07269302CDC835A00BF6F70 /* Release */ = {
			isa = XCBuildConfiguration;
			buildSettings = {
				ALWAYS_SEARCH_USER_PATHS = NO;
				ASSETCATALOG_COMPILER_GENERATE_SWIFT_ASSET_SYMBOL_EXTENSIONS = YES;
				CLANG_ANALYZER_NONNULL = YES;
				CLANG_ANALYZER_NUMBER_OBJECT_CONVERSION = YES_AGGRESSIVE;
				CLANG_CXX_LANGUAGE_STANDARD = "gnu++20";
				CLANG_ENABLE_MODULES = YES;
				CLANG_ENABLE_OBJC_ARC = YES;
				CLANG_ENABLE_OBJC_WEAK = YES;
				CLANG_WARN_BLOCK_CAPTURE_AUTORELEASING = YES;
				CLANG_WARN_BOOL_CONVERSION = YES;
				CLANG_WARN_COMMA = YES;
				CLANG_WARN_CONSTANT_CONVERSION = YES;
				CLANG_WARN_DEPRECATED_OBJC_IMPLEMENTATIONS = YES;
				CLANG_WARN_DIRECT_OBJC_ISA_USAGE = YES_ERROR;
				CLANG_WARN_DOCUMENTATION_COMMENTS = YES;
				CLANG_WARN_EMPTY_BODY = YES;
				CLANG_WARN_ENUM_CONVERSION = YES;
				CLANG_WARN_INFINITE_RECURSION = YES;
				CLANG_WARN_INT_CONVERSION = YES;
				CLANG_WARN_NON_LITERAL_NULL_CONVERSION = YES;
				CLANG_WARN_OBJC_IMPLICIT_RETAIN_SELF = YES;
				CLANG_WARN_OBJC_LITERAL_CONVERSION = YES;
				CLANG_WARN_OBJC_ROOT_CLASS = YES_ERROR;
				CLANG_WARN_QUOTED_INCLUDE_IN_FRAMEWORK_HEADER = YES;
				CLANG_WARN_RANGE_LOOP_ANALYSIS = YES;
				CLANG_WARN_STRICT_PROTOTYPES = YES;
				CLANG_WARN_SUSPICIOUS_MOVE = YES;
				CLANG_WARN_UNGUARDED_AVAILABILITY = YES_AGGRESSIVE;
				CLANG_WARN_UNREACHABLE_CODE = YES;
				CLANG_WARN__DUPLICATE_METHOD_MATCH = YES;
				COPY_PHASE_STRIP = NO;
				DEBUG_INFORMATION_FORMAT = "dwarf-with-dsym";
				ENABLE_NS_ASSERTIONS = NO;
				ENABLE_STRICT_OBJC_MSGSEND = YES;
				ENABLE_USER_SCRIPT_SANDBOXING = YES;
				GCC_C_LANGUAGE_STANDARD = gnu17;
				GCC_NO_COMMON_BLOCKS = YES;
				GCC_WARN_64_TO_32_BIT_CONVERSION = YES;
				GCC_WARN_ABOUT_RETURN_TYPE = YES_ERROR;
				GCC_WARN_UNDECLARED_SELECTOR = YES;
				GCC_WARN_UNINITIALIZED_AUTOS = YES_AGGRESSIVE;
				GCC_WARN_UNUSED_FUNCTION = YES;
				GCC_WARN_UNUSED_VARIABLE = YES;
				IPHONEOS_DEPLOYMENT_TARGET = 17.5;
				LOCALIZATION_PREFERS_STRING_CATALOGS = YES;
				MTL_ENABLE_DEBUG_INFO = NO;
				MTL_FAST_MATH = YES;
				SDKROOT = iphoneos;
				SWIFT_COMPILATION_MODE = wholemodule;
				VALIDATE_PRODUCT = YES;
			};
			name = Release;
		};
		B07269322CDC835A00BF6F70 /* Debug */ = {
			isa = XCBuildConfiguration;
			buildSettings = {
				ASSETCATALOG_COMPILER_APPICON_NAME = AppIcon;
				ASSETCATALOG_COMPILER_GLOBAL_ACCENT_COLOR_NAME = AccentColor;
				CODE_SIGN_STYLE = Automatic;
				CURRENT_PROJECT_VERSION = 1;
				GENERATE_INFOPLIST_FILE = YES;
				INFOPLIST_FILE = "Jisaker-PCSimulator/Info.plist";
				INFOPLIST_KEY_UIApplicationSupportsIndirectInputEvents = YES;
				INFOPLIST_KEY_UILaunchStoryboardName = LaunchScreen;
				INFOPLIST_KEY_UIMainStoryboardFile = Main;
				INFOPLIST_KEY_UISupportedInterfaceOrientations_iPad = "UIInterfaceOrientationPortrait UIInterfaceOrientationPortraitUpsideDown UIInterfaceOrientationLandscapeLeft UIInterfaceOrientationLandscapeRight";
				INFOPLIST_KEY_UISupportedInterfaceOrientations_iPhone = "UIInterfaceOrientationPortrait UIInterfaceOrientationLandscapeLeft UIInterfaceOrientationLandscapeRight";
				LD_RUNPATH_SEARCH_PATHS = (
					"$(inherited)",
					"@executable_path/Frameworks",
				);
				MARKETING_VERSION = 1.0;
				PRODUCT_BUNDLE_IDENTIFIER = "MyApp.Jisaker-PCSimulator";
				PRODUCT_NAME = "$(TARGET_NAME)";
				SWIFT_EMIT_LOC_STRINGS = YES;
				SWIFT_VERSION = 5.0;
				TARGETED_DEVICE_FAMILY = "1,2";
			};
			name = Debug;
		};
		B07269332CDC835A00BF6F70 /* Release */ = {
			isa = XCBuildConfiguration;
			buildSettings = {
				ASSETCATALOG_COMPILER_APPICON_NAME = AppIcon;
				ASSETCATALOG_COMPILER_GLOBAL_ACCENT_COLOR_NAME = AccentColor;
				CODE_SIGN_STYLE = Automatic;
				CURRENT_PROJECT_VERSION = 1;
				GENERATE_INFOPLIST_FILE = YES;
				INFOPLIST_FILE = "Jisaker-PCSimulator/Info.plist";
				INFOPLIST_KEY_UIApplicationSupportsIndirectInputEvents = YES;
				INFOPLIST_KEY_UILaunchStoryboardName = LaunchScreen;
				INFOPLIST_KEY_UIMainStoryboardFile = Main;
				INFOPLIST_KEY_UISupportedInterfaceOrientations_iPad = "UIInterfaceOrientationPortrait UIInterfaceOrientationPortraitUpsideDown UIInterfaceOrientationLandscapeLeft UIInterfaceOrientationLandscapeRight";
				INFOPLIST_KEY_UISupportedInterfaceOrientations_iPhone = "UIInterfaceOrientationPortrait UIInterfaceOrientationLandscapeLeft UIInterfaceOrientationLandscapeRight";
				LD_RUNPATH_SEARCH_PATHS = (
					"$(inherited)",
					"@executable_path/Frameworks",
				);
				MARKETING_VERSION = 1.0;
				PRODUCT_BUNDLE_IDENTIFIER = "MyApp.Jisaker-PCSimulator";
				PRODUCT_NAME = "$(TARGET_NAME)";
				SWIFT_EMIT_LOC_STRINGS = YES;
				SWIFT_VERSION = 5.0;
				TARGETED_DEVICE_FAMILY = "1,2";
			};
			name = Release;
		};
		B07269352CDC835A00BF6F70 /* Debug */ = {
			isa = XCBuildConfiguration;
			buildSettings = {
				ALWAYS_EMBED_SWIFT_STANDARD_LIBRARIES = YES;
				BUNDLE_LOADER = "$(TEST_HOST)";
				CODE_SIGN_STYLE = Automatic;
				CURRENT_PROJECT_VERSION = 1;
				GENERATE_INFOPLIST_FILE = YES;
				IPHONEOS_DEPLOYMENT_TARGET = 17.5;
				MARKETING_VERSION = 1.0;
				PRODUCT_BUNDLE_IDENTIFIER = "MyApp.Jisaker-PCSimulatorTests";
				PRODUCT_NAME = "$(TARGET_NAME)";
				SWIFT_EMIT_LOC_STRINGS = NO;
				SWIFT_VERSION = 5.0;
				TARGETED_DEVICE_FAMILY = "1,2";
				TEST_HOST = "$(BUILT_PRODUCTS_DIR)/Jisaker-PCSimulator.app/$(BUNDLE_EXECUTABLE_FOLDER_PATH)/Jisaker-PCSimulator";
			};
			name = Debug;
		};
		B07269362CDC835A00BF6F70 /* Release */ = {
			isa = XCBuildConfiguration;
			buildSettings = {
				ALWAYS_EMBED_SWIFT_STANDARD_LIBRARIES = YES;
				BUNDLE_LOADER = "$(TEST_HOST)";
				CODE_SIGN_STYLE = Automatic;
				CURRENT_PROJECT_VERSION = 1;
				GENERATE_INFOPLIST_FILE = YES;
				IPHONEOS_DEPLOYMENT_TARGET = 17.5;
				MARKETING_VERSION = 1.0;
				PRODUCT_BUNDLE_IDENTIFIER = "MyApp.Jisaker-PCSimulatorTests";
				PRODUCT_NAME = "$(TARGET_NAME)";
				SWIFT_EMIT_LOC_STRINGS = NO;
				SWIFT_VERSION = 5.0;
				TARGETED_DEVICE_FAMILY = "1,2";
				TEST_HOST = "$(BUILT_PRODUCTS_DIR)/Jisaker-PCSimulator.app/$(BUNDLE_EXECUTABLE_FOLDER_PATH)/Jisaker-PCSimulator";
			};
			name = Release;
		};
		B07269382CDC835A00BF6F70 /* Debug */ = {
			isa = XCBuildConfiguration;
			buildSettings = {
				ALWAYS_EMBED_SWIFT_STANDARD_LIBRARIES = YES;
				CODE_SIGN_STYLE = Automatic;
				CURRENT_PROJECT_VERSION = 1;
				GENERATE_INFOPLIST_FILE = YES;
				MARKETING_VERSION = 1.0;
				PRODUCT_BUNDLE_IDENTIFIER = "MyApp.Jisaker-PCSimulatorUITests";
				PRODUCT_NAME = "$(TARGET_NAME)";
				SWIFT_EMIT_LOC_STRINGS = NO;
				SWIFT_VERSION = 5.0;
				TARGETED_DEVICE_FAMILY = "1,2";
				TEST_TARGET_NAME = "Jisaker-PCSimulator";
			};
			name = Debug;
		};
		B07269392CDC835A00BF6F70 /* Release */ = {
			isa = XCBuildConfiguration;
			buildSettings = {
				ALWAYS_EMBED_SWIFT_STANDARD_LIBRARIES = YES;
				CODE_SIGN_STYLE = Automatic;
				CURRENT_PROJECT_VERSION = 1;
				GENERATE_INFOPLIST_FILE = YES;
				MARKETING_VERSION = 1.0;
				PRODUCT_BUNDLE_IDENTIFIER = "MyApp.Jisaker-PCSimulatorUITests";
				PRODUCT_NAME = "$(TARGET_NAME)";
				SWIFT_EMIT_LOC_STRINGS = NO;
				SWIFT_VERSION = 5.0;
				TARGETED_DEVICE_FAMILY = "1,2";
				TEST_TARGET_NAME = "Jisaker-PCSimulator";
			};
			name = Release;
		};
/* End XCBuildConfiguration section */

/* Begin XCConfigurationList section */
		B07269022CDC835700BF6F70 /* Build configuration list for PBXProject "Jisaker-PCSimulator" */ = {
			isa = XCConfigurationList;
			buildConfigurations = (
				B072692F2CDC835A00BF6F70 /* Debug */,
				B07269302CDC835A00BF6F70 /* Release */,
			);
			defaultConfigurationIsVisible = 0;
			defaultConfigurationName = Release;
		};
		B07269312CDC835A00BF6F70 /* Build configuration list for PBXNativeTarget "Jisaker-PCSimulator" */ = {
			isa = XCConfigurationList;
			buildConfigurations = (
				B07269322CDC835A00BF6F70 /* Debug */,
				B07269332CDC835A00BF6F70 /* Release */,
			);
			defaultConfigurationIsVisible = 0;
			defaultConfigurationName = Release;
		};
		B07269342CDC835A00BF6F70 /* Build configuration list for PBXNativeTarget "Jisaker-PCSimulatorTests" */ = {
			isa = XCConfigurationList;
			buildConfigurations = (
				B07269352CDC835A00BF6F70 /* Debug */,
				B07269362CDC835A00BF6F70 /* Release */,
			);
			defaultConfigurationIsVisible = 0;
			defaultConfigurationName = Release;
		};
		B07269372CDC835A00BF6F70 /* Build configuration list for PBXNativeTarget "Jisaker-PCSimulatorUITests" */ = {
			isa = XCConfigurationList;
			buildConfigurations = (
				B07269382CDC835A00BF6F70 /* Debug */,
				B07269392CDC835A00BF6F70 /* Release */,
			);
			defaultConfigurationIsVisible = 0;
			defaultConfigurationName = Release;
		};
/* End XCConfigurationList section */
	};
	rootObject = B07268FF2CDC835700BF6F70 /* Project object */;
}
